// !$*UTF8*$!
{
	archiveVersion = 1;
	classes = {
	};
	objectVersion = 56;
	objects = {

/* Begin PBXBuildFile section */
		6659F0552BAEB0EE0075ECB1 /* AirbnbApp.swift in Sources */ = {isa = PBXBuildFile; fileRef = 6659F0542BAEB0EE0075ECB1 /* AirbnbApp.swift */; };
		6659F0572BAEB0EE0075ECB1 /* ContentView.swift in Sources */ = {isa = PBXBuildFile; fileRef = 6659F0562BAEB0EE0075ECB1 /* ContentView.swift */; };
		6659F0592BAEB0F10075ECB1 /* Assets.xcassets in Resources */ = {isa = PBXBuildFile; fileRef = 6659F0582BAEB0F10075ECB1 /* Assets.xcassets */; };
		6659F05C2BAEB0F10075ECB1 /* Preview Assets.xcassets in Resources */ = {isa = PBXBuildFile; fileRef = 6659F05B2BAEB0F10075ECB1 /* Preview Assets.xcassets */; };
		6659F0662BAEB0F10075ECB1 /* AirbnbTests.swift in Sources */ = {isa = PBXBuildFile; fileRef = 6659F0652BAEB0F10075ECB1 /* AirbnbTests.swift */; };
		6659F0702BAEB0F10075ECB1 /* AirbnbUITests.swift in Sources */ = {isa = PBXBuildFile; fileRef = 6659F06F2BAEB0F10075ECB1 /* AirbnbUITests.swift */; };
		6659F0722BAEB0F10075ECB1 /* AirbnbUITestsLaunchTests.swift in Sources */ = {isa = PBXBuildFile; fileRef = 6659F0712BAEB0F10075ECB1 /* AirbnbUITestsLaunchTests.swift */; };
		6659F08C2BAEB2B20075ECB1 /* ExploreView.swift in Sources */ = {isa = PBXBuildFile; fileRef = 6659F08B2BAEB2B20075ECB1 /* ExploreView.swift */; };
		666042872BAEC773009917F1 /* ListingDetailView.swift in Sources */ = {isa = PBXBuildFile; fileRef = 666042862BAEC773009917F1 /* ListingDetailView.swift */; };
		6660428A2BAEC8BD009917F1 /* LisitingImageCarouselView.swift in Sources */ = {isa = PBXBuildFile; fileRef = 666042892BAEC8BD009917F1 /* LisitingImageCarouselView.swift */; };
		66A261DD2BAEB9A800977062 /* ListingItemView.swift in Sources */ = {isa = PBXBuildFile; fileRef = 66A261DC2BAEB9A800977062 /* ListingItemView.swift */; };
		66A261DF2BAEBE7500977062 /* SearchAndFilterBar.swift in Sources */ = {isa = PBXBuildFile; fileRef = 66A261DE2BAEBE7500977062 /* SearchAndFilterBar.swift */; };
/* End PBXBuildFile section */

/* Begin PBXContainerItemProxy section */
		6659F0622BAEB0F10075ECB1 /* PBXContainerItemProxy */ = {
			isa = PBXContainerItemProxy;
			containerPortal = 6659F0492BAEB0EE0075ECB1 /* Project object */;
			proxyType = 1;
			remoteGlobalIDString = 6659F0502BAEB0EE0075ECB1;
			remoteInfo = Airbnb;
		};
		6659F06C2BAEB0F10075ECB1 /* PBXContainerItemProxy */ = {
			isa = PBXContainerItemProxy;
			containerPortal = 6659F0492BAEB0EE0075ECB1 /* Project object */;
			proxyType = 1;
			remoteGlobalIDString = 6659F0502BAEB0EE0075ECB1;
			remoteInfo = Airbnb;
		};
/* End PBXContainerItemProxy section */

/* Begin PBXFileReference section */
		6659F0512BAEB0EE0075ECB1 /* Airbnb.app */ = {isa = PBXFileReference; explicitFileType = wrapper.application; includeInIndex = 0; path = Airbnb.app; sourceTree = BUILT_PRODUCTS_DIR; };
		6659F0542BAEB0EE0075ECB1 /* AirbnbApp.swift */ = {isa = PBXFileReference; lastKnownFileType = sourcecode.swift; path = AirbnbApp.swift; sourceTree = "<group>"; };
		6659F0562BAEB0EE0075ECB1 /* ContentView.swift */ = {isa = PBXFileReference; lastKnownFileType = sourcecode.swift; path = ContentView.swift; sourceTree = "<group>"; };
		6659F0582BAEB0F10075ECB1 /* Assets.xcassets */ = {isa = PBXFileReference; lastKnownFileType = folder.assetcatalog; path = Assets.xcassets; sourceTree = "<group>"; };
		6659F05B2BAEB0F10075ECB1 /* Preview Assets.xcassets */ = {isa = PBXFileReference; lastKnownFileType = folder.assetcatalog; path = "Preview Assets.xcassets"; sourceTree = "<group>"; };
		6659F0612BAEB0F10075ECB1 /* AirbnbTests.xctest */ = {isa = PBXFileReference; explicitFileType = wrapper.cfbundle; includeInIndex = 0; path = AirbnbTests.xctest; sourceTree = BUILT_PRODUCTS_DIR; };
		6659F0652BAEB0F10075ECB1 /* AirbnbTests.swift */ = {isa = PBXFileReference; lastKnownFileType = sourcecode.swift; path = AirbnbTests.swift; sourceTree = "<group>"; };
		6659F06B2BAEB0F10075ECB1 /* AirbnbUITests.xctest */ = {isa = PBXFileReference; explicitFileType = wrapper.cfbundle; includeInIndex = 0; path = AirbnbUITests.xctest; sourceTree = BUILT_PRODUCTS_DIR; };
		6659F06F2BAEB0F10075ECB1 /* AirbnbUITests.swift */ = {isa = PBXFileReference; lastKnownFileType = sourcecode.swift; path = AirbnbUITests.swift; sourceTree = "<group>"; };
		6659F0712BAEB0F10075ECB1 /* AirbnbUITestsLaunchTests.swift */ = {isa = PBXFileReference; lastKnownFileType = sourcecode.swift; path = AirbnbUITestsLaunchTests.swift; sourceTree = "<group>"; };
		6659F08B2BAEB2B20075ECB1 /* ExploreView.swift */ = {isa = PBXFileReference; lastKnownFileType = sourcecode.swift; path = ExploreView.swift; sourceTree = "<group>"; };
		666042862BAEC773009917F1 /* ListingDetailView.swift */ = {isa = PBXFileReference; lastKnownFileType = sourcecode.swift; path = ListingDetailView.swift; sourceTree = "<group>"; };
		666042892BAEC8BD009917F1 /* LisitingImageCarouselView.swift */ = {isa = PBXFileReference; lastKnownFileType = sourcecode.swift; path = LisitingImageCarouselView.swift; sourceTree = "<group>"; };
		66A261DC2BAEB9A800977062 /* ListingItemView.swift */ = {isa = PBXFileReference; lastKnownFileType = sourcecode.swift; path = ListingItemView.swift; sourceTree = "<group>"; };
		66A261DE2BAEBE7500977062 /* SearchAndFilterBar.swift */ = {isa = PBXFileReference; lastKnownFileType = sourcecode.swift; path = SearchAndFilterBar.swift; sourceTree = "<group>"; };
/* End PBXFileReference section */

/* Begin PBXFrameworksBuildPhase section */
		6659F04E2BAEB0EE0075ECB1 /* Frameworks */ = {
			isa = PBXFrameworksBuildPhase;
			buildActionMask = 2147483647;
			files = (
			);
			runOnlyForDeploymentPostprocessing = 0;
		};
		6659F05E2BAEB0F10075ECB1 /* Frameworks */ = {
			isa = PBXFrameworksBuildPhase;
			buildActionMask = 2147483647;
			files = (
			);
			runOnlyForDeploymentPostprocessing = 0;
		};
		6659F0682BAEB0F10075ECB1 /* Frameworks */ = {
			isa = PBXFrameworksBuildPhase;
			buildActionMask = 2147483647;
			files = (
			);
			runOnlyForDeploymentPostprocessing = 0;
		};
/* End PBXFrameworksBuildPhase section */

/* Begin PBXGroup section */
		6659F0482BAEB0EE0075ECB1 = {
			isa = PBXGroup;
			children = (
				6659F0532BAEB0EE0075ECB1 /* Airbnb */,
				6659F0642BAEB0F10075ECB1 /* AirbnbTests */,
				6659F06E2BAEB0F10075ECB1 /* AirbnbUITests */,
				6659F0522BAEB0EE0075ECB1 /* Products */,
			);
			sourceTree = "<group>";
		};
		6659F0522BAEB0EE0075ECB1 /* Products */ = {
			isa = PBXGroup;
			children = (
				6659F0512BAEB0EE0075ECB1 /* Airbnb.app */,
				6659F0612BAEB0F10075ECB1 /* AirbnbTests.xctest */,
				6659F06B2BAEB0F10075ECB1 /* AirbnbUITests.xctest */,
			);
			name = Products;
			sourceTree = "<group>";
		};
		6659F0532BAEB0EE0075ECB1 /* Airbnb */ = {
			isa = PBXGroup;
			children = (
				6659F07E2BAEB15C0075ECB1 /* App */,
				6659F07F2BAEB1690075ECB1 /* Core */,
				6659F0802BAEB1760075ECB1 /* Extension */,
				6659F0812BAEB1800075ECB1 /* Models */,
				6659F0822BAEB18C0075ECB1 /* Utils */,
				6659F0562BAEB0EE0075ECB1 /* ContentView.swift */,
				6659F0582BAEB0F10075ECB1 /* Assets.xcassets */,
				6659F05A2BAEB0F10075ECB1 /* Preview Content */,
			);
			path = Airbnb;
			sourceTree = "<group>";
		};
		6659F05A2BAEB0F10075ECB1 /* Preview Content */ = {
			isa = PBXGroup;
			children = (
				6659F05B2BAEB0F10075ECB1 /* Preview Assets.xcassets */,
			);
			path = "Preview Content";
			sourceTree = "<group>";
		};
		6659F0642BAEB0F10075ECB1 /* AirbnbTests */ = {
			isa = PBXGroup;
			children = (
				6659F0652BAEB0F10075ECB1 /* AirbnbTests.swift */,
			);
			path = AirbnbTests;
			sourceTree = "<group>";
		};
		6659F06E2BAEB0F10075ECB1 /* AirbnbUITests */ = {
			isa = PBXGroup;
			children = (
				6659F06F2BAEB0F10075ECB1 /* AirbnbUITests.swift */,
				6659F0712BAEB0F10075ECB1 /* AirbnbUITestsLaunchTests.swift */,
			);
			path = AirbnbUITests;
			sourceTree = "<group>";
		};
		6659F07E2BAEB15C0075ECB1 /* App */ = {
			isa = PBXGroup;
			children = (
				6659F0542BAEB0EE0075ECB1 /* AirbnbApp.swift */,
			);
			path = App;
			sourceTree = "<group>";
		};
		6659F07F2BAEB1690075ECB1 /* Core */ = {
			isa = PBXGroup;
			children = (
				666042882BAEC899009917F1 /* Components */,
				6659F0842BAEB2030075ECB1 /* Explore */,
				6659F0852BAEB20D0075ECB1 /* Listings */,
				6659F0862BAEB2180075ECB1 /* MapView */,
				6659F0872BAEB2200075ECB1 /* Profile */,
				6659F08A2BAEB24A0075ECB1 /* Root */,
				6659F0892BAEB23A0075ECB1 /* TabBar */,
				6659F0882BAEB22A0075ECB1 /* Wishlists */,
			);
			path = Core;
			sourceTree = "<group>";
		};
		6659F0802BAEB1760075ECB1 /* Extension */ = {
			isa = PBXGroup;
			children = (
			);
			path = Extension;
			sourceTree = "<group>";
		};
		6659F0812BAEB1800075ECB1 /* Models */ = {
			isa = PBXGroup;
			children = (
			);
			path = Models;
			sourceTree = "<group>";
		};
		6659F0822BAEB18C0075ECB1 /* Utils */ = {
			isa = PBXGroup;
			children = (
			);
			path = Utils;
			sourceTree = "<group>";
		};
		6659F0842BAEB2030075ECB1 /* Explore */ = {
			isa = PBXGroup;
			children = (
				6659F08B2BAEB2B20075ECB1 /* ExploreView.swift */,
				666042862BAEC773009917F1 /* ListingDetailView.swift */,
				66A261DE2BAEBE7500977062 /* SearchAndFilterBar.swift */,
			);
			path = Explore;
			sourceTree = "<group>";
		};
		6659F0852BAEB20D0075ECB1 /* Listings */ = {
			isa = PBXGroup;
			children = (
				66A261DC2BAEB9A800977062 /* ListingItemView.swift */,
			);
			path = Listings;
			sourceTree = "<group>";
		};
		6659F0862BAEB2180075ECB1 /* MapView */ = {
			isa = PBXGroup;
			children = (
			);
			path = MapView;
			sourceTree = "<group>";
		};
		6659F0872BAEB2200075ECB1 /* Profile */ = {
			isa = PBXGroup;
			children = (
			);
			path = Profile;
			sourceTree = "<group>";
		};
		6659F0882BAEB22A0075ECB1 /* Wishlists */ = {
			isa = PBXGroup;
			children = (
			);
			path = Wishlists;
			sourceTree = "<group>";
		};
		6659F0892BAEB23A0075ECB1 /* TabBar */ = {
			isa = PBXGroup;
			children = (
			);
			path = TabBar;
			sourceTree = "<group>";
		};
		6659F08A2BAEB24A0075ECB1 /* Root */ = {
			isa = PBXGroup;
			children = (
			);
			path = Root;
			sourceTree = "<group>";
		};
		666042882BAEC899009917F1 /* Components */ = {
			isa = PBXGroup;
			children = (
				666042892BAEC8BD009917F1 /* LisitingImageCarouselView.swift */,
			);
			path = Components;
			sourceTree = "<group>";
		};
/* End PBXGroup section */

/* Begin PBXNativeTarget section */
		6659F0502BAEB0EE0075ECB1 /* Airbnb */ = {
			isa = PBXNativeTarget;
			buildConfigurationList = 6659F0752BAEB0F10075ECB1 /* Build configuration list for PBXNativeTarget "Airbnb" */;
			buildPhases = (
				6659F04D2BAEB0EE0075ECB1 /* Sources */,
				6659F04E2BAEB0EE0075ECB1 /* Frameworks */,
				6659F04F2BAEB0EE0075ECB1 /* Resources */,
			);
			buildRules = (
			);
			dependencies = (
			);
			name = Airbnb;
			productName = Airbnb;
			productReference = 6659F0512BAEB0EE0075ECB1 /* Airbnb.app */;
			productType = "com.apple.product-type.application";
		};
		6659F0602BAEB0F10075ECB1 /* AirbnbTests */ = {
			isa = PBXNativeTarget;
			buildConfigurationList = 6659F0782BAEB0F10075ECB1 /* Build configuration list for PBXNativeTarget "AirbnbTests" */;
			buildPhases = (
				6659F05D2BAEB0F10075ECB1 /* Sources */,
				6659F05E2BAEB0F10075ECB1 /* Frameworks */,
				6659F05F2BAEB0F10075ECB1 /* Resources */,
			);
			buildRules = (
			);
			dependencies = (
				6659F0632BAEB0F10075ECB1 /* PBXTargetDependency */,
			);
			name = AirbnbTests;
			productName = AirbnbTests;
			productReference = 6659F0612BAEB0F10075ECB1 /* AirbnbTests.xctest */;
			productType = "com.apple.product-type.bundle.unit-test";
		};
		6659F06A2BAEB0F10075ECB1 /* AirbnbUITests */ = {
			isa = PBXNativeTarget;
			buildConfigurationList = 6659F07B2BAEB0F10075ECB1 /* Build configuration list for PBXNativeTarget "AirbnbUITests" */;
			buildPhases = (
				6659F0672BAEB0F10075ECB1 /* Sources */,
				6659F0682BAEB0F10075ECB1 /* Frameworks */,
				6659F0692BAEB0F10075ECB1 /* Resources */,
			);
			buildRules = (
			);
			dependencies = (
				6659F06D2BAEB0F10075ECB1 /* PBXTargetDependency */,
			);
			name = AirbnbUITests;
			productName = AirbnbUITests;
			productReference = 6659F06B2BAEB0F10075ECB1 /* AirbnbUITests.xctest */;
			productType = "com.apple.product-type.bundle.ui-testing";
		};
/* End PBXNativeTarget section */

/* Begin PBXProject section */
		6659F0492BAEB0EE0075ECB1 /* Project object */ = {
			isa = PBXProject;
			attributes = {
				BuildIndependentTargetsInParallel = 1;
				LastSwiftUpdateCheck = 1520;
				LastUpgradeCheck = 1520;
				TargetAttributes = {
					6659F0502BAEB0EE0075ECB1 = {
						CreatedOnToolsVersion = 15.2;
					};
					6659F0602BAEB0F10075ECB1 = {
						CreatedOnToolsVersion = 15.2;
						TestTargetID = 6659F0502BAEB0EE0075ECB1;
					};
					6659F06A2BAEB0F10075ECB1 = {
						CreatedOnToolsVersion = 15.2;
						TestTargetID = 6659F0502BAEB0EE0075ECB1;
					};
				};
			};
			buildConfigurationList = 6659F04C2BAEB0EE0075ECB1 /* Build configuration list for PBXProject "Airbnb" */;
			compatibilityVersion = "Xcode 14.0";
			developmentRegion = en;
			hasScannedForEncodings = 0;
			knownRegions = (
				en,
				Base,
			);
			mainGroup = 6659F0482BAEB0EE0075ECB1;
			productRefGroup = 6659F0522BAEB0EE0075ECB1 /* Products */;
			projectDirPath = "";
			projectRoot = "";
			targets = (
				6659F0502BAEB0EE0075ECB1 /* Airbnb */,
				6659F0602BAEB0F10075ECB1 /* AirbnbTests */,
				6659F06A2BAEB0F10075ECB1 /* AirbnbUITests */,
			);
		};
/* End PBXProject section */

/* Begin PBXResourcesBuildPhase section */
		6659F04F2BAEB0EE0075ECB1 /* Resources */ = {
			isa = PBXResourcesBuildPhase;
			buildActionMask = 2147483647;
			files = (
				6659F05C2BAEB0F10075ECB1 /* Preview Assets.xcassets in Resources */,
				6659F0592BAEB0F10075ECB1 /* Assets.xcassets in Resources */,
			);
			runOnlyForDeploymentPostprocessing = 0;
		};
		6659F05F2BAEB0F10075ECB1 /* Resources */ = {
			isa = PBXResourcesBuildPhase;
			buildActionMask = 2147483647;
			files = (
			);
			runOnlyForDeploymentPostprocessing = 0;
		};
		6659F0692BAEB0F10075ECB1 /* Resources */ = {
			isa = PBXResourcesBuildPhase;
			buildActionMask = 2147483647;
			files = (
			);
			runOnlyForDeploymentPostprocessing = 0;
		};
/* End PBXResourcesBuildPhase section */

/* Begin PBXSourcesBuildPhase section */
		6659F04D2BAEB0EE0075ECB1 /* Sources */ = {
			isa = PBXSourcesBuildPhase;
			buildActionMask = 2147483647;
			files = (
				66A261DD2BAEB9A800977062 /* ListingItemView.swift in Sources */,
				6660428A2BAEC8BD009917F1 /* LisitingImageCarouselView.swift in Sources */,
				6659F0572BAEB0EE0075ECB1 /* ContentView.swift in Sources */,
				6659F08C2BAEB2B20075ECB1 /* ExploreView.swift in Sources */,
				66A261DF2BAEBE7500977062 /* SearchAndFilterBar.swift in Sources */,
				666042872BAEC773009917F1 /* ListingDetailView.swift in Sources */,
				6659F0552BAEB0EE0075ECB1 /* AirbnbApp.swift in Sources */,
			);
			runOnlyForDeploymentPostprocessing = 0;
		};
		6659F05D2BAEB0F10075ECB1 /* Sources */ = {
			isa = PBXSourcesBuildPhase;
			buildActionMask = 2147483647;
			files = (
				6659F0662BAEB0F10075ECB1 /* AirbnbTests.swift in Sources */,
			);
			runOnlyForDeploymentPostprocessing = 0;
		};
		6659F0672BAEB0F10075ECB1 /* Sources */ = {
			isa = PBXSourcesBuildPhase;
			buildActionMask = 2147483647;
			files = (
				6659F0722BAEB0F10075ECB1 /* AirbnbUITestsLaunchTests.swift in Sources */,
				6659F0702BAEB0F10075ECB1 /* AirbnbUITests.swift in Sources */,
			);
			runOnlyForDeploymentPostprocessing = 0;
		};
/* End PBXSourcesBuildPhase section */

/* Begin PBXTargetDependency section */
		6659F0632BAEB0F10075ECB1 /* PBXTargetDependency */ = {
			isa = PBXTargetDependency;
			target = 6659F0502BAEB0EE0075ECB1 /* Airbnb */;
			targetProxy = 6659F0622BAEB0F10075ECB1 /* PBXContainerItemProxy */;
		};
		6659F06D2BAEB0F10075ECB1 /* PBXTargetDependency */ = {
			isa = PBXTargetDependency;
			target = 6659F0502BAEB0EE0075ECB1 /* Airbnb */;
			targetProxy = 6659F06C2BAEB0F10075ECB1 /* PBXContainerItemProxy */;
		};
/* End PBXTargetDependency section */

/* Begin XCBuildConfiguration section */
		6659F0732BAEB0F10075ECB1 /* Debug */ = {
			isa = XCBuildConfiguration;
			buildSettings = {
				ALWAYS_SEARCH_USER_PATHS = NO;
				ASSETCATALOG_COMPILER_GENERATE_SWIFT_ASSET_SYMBOL_EXTENSIONS = YES;
				CLANG_ANALYZER_NONNULL = YES;
				CLANG_ANALYZER_NUMBER_OBJECT_CONVERSION = YES_AGGRESSIVE;
				CLANG_CXX_LANGUAGE_STANDARD = "gnu++20";
				CLANG_ENABLE_MODULES = YES;
				CLANG_ENABLE_OBJC_ARC = YES;
				CLANG_ENABLE_OBJC_WEAK = YES;
				CLANG_WARN_BLOCK_CAPTURE_AUTORELEASING = YES;
				CLANG_WARN_BOOL_CONVERSION = YES;
				CLANG_WARN_COMMA = YES;
				CLANG_WARN_CONSTANT_CONVERSION = YES;
				CLANG_WARN_DEPRECATED_OBJC_IMPLEMENTATIONS = YES;
				CLANG_WARN_DIRECT_OBJC_ISA_USAGE = YES_ERROR;
				CLANG_WARN_DOCUMENTATION_COMMENTS = YES;
				CLANG_WARN_EMPTY_BODY = YES;
				CLANG_WARN_ENUM_CONVERSION = YES;
				CLANG_WARN_INFINITE_RECURSION = YES;
				CLANG_WARN_INT_CONVERSION = YES;
				CLANG_WARN_NON_LITERAL_NULL_CONVERSION = YES;
				CLANG_WARN_OBJC_IMPLICIT_RETAIN_SELF = YES;
				CLANG_WARN_OBJC_LITERAL_CONVERSION = YES;
				CLANG_WARN_OBJC_ROOT_CLASS = YES_ERROR;
				CLANG_WARN_QUOTED_INCLUDE_IN_FRAMEWORK_HEADER = YES;
				CLANG_WARN_RANGE_LOOP_ANALYSIS = YES;
				CLANG_WARN_STRICT_PROTOTYPES = YES;
				CLANG_WARN_SUSPICIOUS_MOVE = YES;
				CLANG_WARN_UNGUARDED_AVAILABILITY = YES_AGGRESSIVE;
				CLANG_WARN_UNREACHABLE_CODE = YES;
				CLANG_WARN__DUPLICATE_METHOD_MATCH = YES;
				COPY_PHASE_STRIP = NO;
				DEBUG_INFORMATION_FORMAT = dwarf;
				ENABLE_STRICT_OBJC_MSGSEND = YES;
				ENABLE_TESTABILITY = YES;
				ENABLE_USER_SCRIPT_SANDBOXING = YES;
				GCC_C_LANGUAGE_STANDARD = gnu17;
				GCC_DYNAMIC_NO_PIC = NO;
				GCC_NO_COMMON_BLOCKS = YES;
				GCC_OPTIMIZATION_LEVEL = 0;
				GCC_PREPROCESSOR_DEFINITIONS = (
					"DEBUG=1",
					"$(inherited)",
				);
				GCC_WARN_64_TO_32_BIT_CONVERSION = YES;
				GCC_WARN_ABOUT_RETURN_TYPE = YES_ERROR;
				GCC_WARN_UNDECLARED_SELECTOR = YES;
				GCC_WARN_UNINITIALIZED_AUTOS = YES_AGGRESSIVE;
				GCC_WARN_UNUSED_FUNCTION = YES;
				GCC_WARN_UNUSED_VARIABLE = YES;
				IPHONEOS_DEPLOYMENT_TARGET = 17.2;
				LOCALIZATION_PREFERS_STRING_CATALOGS = YES;
				MTL_ENABLE_DEBUG_INFO = INCLUDE_SOURCE;
				MTL_FAST_MATH = YES;
				ONLY_ACTIVE_ARCH = YES;
				SDKROOT = iphoneos;
				SWIFT_ACTIVE_COMPILATION_CONDITIONS = "DEBUG $(inherited)";
				SWIFT_OPTIMIZATION_LEVEL = "-Onone";
			};
			name = Debug;
		};
		6659F0742BAEB0F10075ECB1 /* Release */ = {
			isa = XCBuildConfiguration;
			buildSettings = {
				ALWAYS_SEARCH_USER_PATHS = NO;
				ASSETCATALOG_COMPILER_GENERATE_SWIFT_ASSET_SYMBOL_EXTENSIONS = YES;
				CLANG_ANALYZER_NONNULL = YES;
				CLANG_ANALYZER_NUMBER_OBJECT_CONVERSION = YES_AGGRESSIVE;
				CLANG_CXX_LANGUAGE_STANDARD = "gnu++20";
				CLANG_ENABLE_MODULES = YES;
				CLANG_ENABLE_OBJC_ARC = YES;
				CLANG_ENABLE_OBJC_WEAK = YES;
				CLANG_WARN_BLOCK_CAPTURE_AUTORELEASING = YES;
				CLANG_WARN_BOOL_CONVERSION = YES;
				CLANG_WARN_COMMA = YES;
				CLANG_WARN_CONSTANT_CONVERSION = YES;
				CLANG_WARN_DEPRECATED_OBJC_IMPLEMENTATIONS = YES;
				CLANG_WARN_DIRECT_OBJC_ISA_USAGE = YES_ERROR;
				CLANG_WARN_DOCUMENTATION_COMMENTS = YES;
				CLANG_WARN_EMPTY_BODY = YES;
				CLANG_WARN_ENUM_CONVERSION = YES;
				CLANG_WARN_INFINITE_RECURSION = YES;
				CLANG_WARN_INT_CONVERSION = YES;
				CLANG_WARN_NON_LITERAL_NULL_CONVERSION = YES;
				CLANG_WARN_OBJC_IMPLICIT_RETAIN_SELF = YES;
				CLANG_WARN_OBJC_LITERAL_CONVERSION = YES;
				CLANG_WARN_OBJC_ROOT_CLASS = YES_ERROR;
				CLANG_WARN_QUOTED_INCLUDE_IN_FRAMEWORK_HEADER = YES;
				CLANG_WARN_RANGE_LOOP_ANALYSIS = YES;
				CLANG_WARN_STRICT_PROTOTYPES = YES;
				CLANG_WARN_SUSPICIOUS_MOVE = YES;
				CLANG_WARN_UNGUARDED_AVAILABILITY = YES_AGGRESSIVE;
				CLANG_WARN_UNREACHABLE_CODE = YES;
				CLANG_WARN__DUPLICATE_METHOD_MATCH = YES;
				COPY_PHASE_STRIP = NO;
				DEBUG_INFORMATION_FORMAT = "dwarf-with-dsym";
				ENABLE_NS_ASSERTIONS = NO;
				ENABLE_STRICT_OBJC_MSGSEND = YES;
				ENABLE_USER_SCRIPT_SANDBOXING = YES;
				GCC_C_LANGUAGE_STANDARD = gnu17;
				GCC_NO_COMMON_BLOCKS = YES;
				GCC_WARN_64_TO_32_BIT_CONVERSION = YES;
				GCC_WARN_ABOUT_RETURN_TYPE = YES_ERROR;
				GCC_WARN_UNDECLARED_SELECTOR = YES;
				GCC_WARN_UNINITIALIZED_AUTOS = YES_AGGRESSIVE;
				GCC_WARN_UNUSED_FUNCTION = YES;
				GCC_WARN_UNUSED_VARIABLE = YES;
				IPHONEOS_DEPLOYMENT_TARGET = 17.2;
				LOCALIZATION_PREFERS_STRING_CATALOGS = YES;
				MTL_ENABLE_DEBUG_INFO = NO;
				MTL_FAST_MATH = YES;
				SDKROOT = iphoneos;
				SWIFT_COMPILATION_MODE = wholemodule;
				VALIDATE_PRODUCT = YES;
			};
			name = Release;
		};
		6659F0762BAEB0F10075ECB1 /* Debug */ = {
			isa = XCBuildConfiguration;
			buildSettings = {
				ASSETCATALOG_COMPILER_APPICON_NAME = AppIcon;
				ASSETCATALOG_COMPILER_GLOBAL_ACCENT_COLOR_NAME = AccentColor;
				CODE_SIGN_STYLE = Automatic;
				CURRENT_PROJECT_VERSION = 1;
				DEVELOPMENT_ASSET_PATHS = "\"Airbnb/Preview Content\"";
				ENABLE_PREVIEWS = YES;
				GENERATE_INFOPLIST_FILE = YES;
				INFOPLIST_KEY_UIApplicationSceneManifest_Generation = YES;
				INFOPLIST_KEY_UIApplicationSupportsIndirectInputEvents = YES;
				INFOPLIST_KEY_UILaunchScreen_Generation = YES;
				INFOPLIST_KEY_UISupportedInterfaceOrientations_iPad = "UIInterfaceOrientationPortrait UIInterfaceOrientationPortraitUpsideDown UIInterfaceOrientationLandscapeLeft UIInterfaceOrientationLandscapeRight";
				INFOPLIST_KEY_UISupportedInterfaceOrientations_iPhone = "UIInterfaceOrientationPortrait UIInterfaceOrientationLandscapeLeft UIInterfaceOrientationLandscapeRight";
				LD_RUNPATH_SEARCH_PATHS = (
					"$(inherited)",
					"@executable_path/Frameworks",
				);
				MARKETING_VERSION = 1.0;
				PRODUCT_BUNDLE_IDENTIFIER = test.Airbnb;
				PRODUCT_NAME = "$(TARGET_NAME)";
				SWIFT_EMIT_LOC_STRINGS = YES;
				SWIFT_VERSION = 5.0;
				TARGETED_DEVICE_FAMILY = "1,2";
			};
			name = Debug;
		};
		6659F0772BAEB0F10075ECB1 /* Release */ = {
			isa = XCBuildConfiguration;
			buildSettings = {
				ASSETCATALOG_COMPILER_APPICON_NAME = AppIcon;
				ASSETCATALOG_COMPILER_GLOBAL_ACCENT_COLOR_NAME = AccentColor;
				CODE_SIGN_STYLE = Automatic;
				CURRENT_PROJECT_VERSION = 1;
				DEVELOPMENT_ASSET_PATHS = "\"Airbnb/Preview Content\"";
				ENABLE_PREVIEWS = YES;
				GENERATE_INFOPLIST_FILE = YES;
				INFOPLIST_KEY_UIApplicationSceneManifest_Generation = YES;
				INFOPLIST_KEY_UIApplicationSupportsIndirectInputEvents = YES;
				INFOPLIST_KEY_UILaunchScreen_Generation = YES;
				INFOPLIST_KEY_UISupportedInterfaceOrientations_iPad = "UIInterfaceOrientationPortrait UIInterfaceOrientationPortraitUpsideDown UIInterfaceOrientationLandscapeLeft UIInterfaceOrientationLandscapeRight";
				INFOPLIST_KEY_UISupportedInterfaceOrientations_iPhone = "UIInterfaceOrientationPortrait UIInterfaceOrientationLandscapeLeft UIInterfaceOrientationLandscapeRight";
				LD_RUNPATH_SEARCH_PATHS = (
					"$(inherited)",
					"@executable_path/Frameworks",
				);
				MARKETING_VERSION = 1.0;
				PRODUCT_BUNDLE_IDENTIFIER = test.Airbnb;
				PRODUCT_NAME = "$(TARGET_NAME)";
				SWIFT_EMIT_LOC_STRINGS = YES;
				SWIFT_VERSION = 5.0;
				TARGETED_DEVICE_FAMILY = "1,2";
			};
			name = Release;
		};
		6659F0792BAEB0F10075ECB1 /* Debug */ = {
			isa = XCBuildConfiguration;
			buildSettings = {
				ALWAYS_EMBED_SWIFT_STANDARD_LIBRARIES = YES;
				BUNDLE_LOADER = "$(TEST_HOST)";
				CODE_SIGN_STYLE = Automatic;
				CURRENT_PROJECT_VERSION = 1;
				GENERATE_INFOPLIST_FILE = YES;
				IPHONEOS_DEPLOYMENT_TARGET = 17.2;
				MARKETING_VERSION = 1.0;
				PRODUCT_BUNDLE_IDENTIFIER = test.AirbnbTests;
				PRODUCT_NAME = "$(TARGET_NAME)";
				SWIFT_EMIT_LOC_STRINGS = NO;
				SWIFT_VERSION = 5.0;
				TARGETED_DEVICE_FAMILY = "1,2";
				TEST_HOST = "$(BUILT_PRODUCTS_DIR)/Airbnb.app/$(BUNDLE_EXECUTABLE_FOLDER_PATH)/Airbnb";
			};
			name = Debug;
		};
		6659F07A2BAEB0F10075ECB1 /* Release */ = {
			isa = XCBuildConfiguration;
			buildSettings = {
				ALWAYS_EMBED_SWIFT_STANDARD_LIBRARIES = YES;
				BUNDLE_LOADER = "$(TEST_HOST)";
				CODE_SIGN_STYLE = Automatic;
				CURRENT_PROJECT_VERSION = 1;
				GENERATE_INFOPLIST_FILE = YES;
				IPHONEOS_DEPLOYMENT_TARGET = 17.2;
				MARKETING_VERSION = 1.0;
				PRODUCT_BUNDLE_IDENTIFIER = test.AirbnbTests;
				PRODUCT_NAME = "$(TARGET_NAME)";
				SWIFT_EMIT_LOC_STRINGS = NO;
				SWIFT_VERSION = 5.0;
				TARGETED_DEVICE_FAMILY = "1,2";
				TEST_HOST = "$(BUILT_PRODUCTS_DIR)/Airbnb.app/$(BUNDLE_EXECUTABLE_FOLDER_PATH)/Airbnb";
			};
			name = Release;
		};
		6659F07C2BAEB0F10075ECB1 /* Debug */ = {
			isa = XCBuildConfiguration;
			buildSettings = {
				ALWAYS_EMBED_SWIFT_STANDARD_LIBRARIES = YES;
				CODE_SIGN_STYLE = Automatic;
				CURRENT_PROJECT_VERSION = 1;
				GENERATE_INFOPLIST_FILE = YES;
				MARKETING_VERSION = 1.0;
				PRODUCT_BUNDLE_IDENTIFIER = test.AirbnbUITests;
				PRODUCT_NAME = "$(TARGET_NAME)";
				SWIFT_EMIT_LOC_STRINGS = NO;
				SWIFT_VERSION = 5.0;
				TARGETED_DEVICE_FAMILY = "1,2";
				TEST_TARGET_NAME = Airbnb;
			};
			name = Debug;
		};
		6659F07D2BAEB0F10075ECB1 /* Release */ = {
			isa = XCBuildConfiguration;
			buildSettings = {
				ALWAYS_EMBED_SWIFT_STANDARD_LIBRARIES = YES;
				CODE_SIGN_STYLE = Automatic;
				CURRENT_PROJECT_VERSION = 1;
				GENERATE_INFOPLIST_FILE = YES;
				MARKETING_VERSION = 1.0;
				PRODUCT_BUNDLE_IDENTIFIER = test.AirbnbUITests;
				PRODUCT_NAME = "$(TARGET_NAME)";
				SWIFT_EMIT_LOC_STRINGS = NO;
				SWIFT_VERSION = 5.0;
				TARGETED_DEVICE_FAMILY = "1,2";
				TEST_TARGET_NAME = Airbnb;
			};
			name = Release;
		};
/* End XCBuildConfiguration section */

/* Begin XCConfigurationList section */
		6659F04C2BAEB0EE0075ECB1 /* Build configuration list for PBXProject "Airbnb" */ = {
			isa = XCConfigurationList;
			buildConfigurations = (
				6659F0732BAEB0F10075ECB1 /* Debug */,
				6659F0742BAEB0F10075ECB1 /* Release */,
			);
			defaultConfigurationIsVisible = 0;
			defaultConfigurationName = Release;
		};
		6659F0752BAEB0F10075ECB1 /* Build configuration list for PBXNativeTarget "Airbnb" */ = {
			isa = XCConfigurationList;
			buildConfigurations = (
				6659F0762BAEB0F10075ECB1 /* Debug */,
				6659F0772BAEB0F10075ECB1 /* Release */,
			);
			defaultConfigurationIsVisible = 0;
			defaultConfigurationName = Release;
		};
		6659F0782BAEB0F10075ECB1 /* Build configuration list for PBXNativeTarget "AirbnbTests" */ = {
			isa = XCConfigurationList;
			buildConfigurations = (
				6659F0792BAEB0F10075ECB1 /* Debug */,
				6659F07A2BAEB0F10075ECB1 /* Release */,
			);
			defaultConfigurationIsVisible = 0;
			defaultConfigurationName = Release;
		};
		6659F07B2BAEB0F10075ECB1 /* Build configuration list for PBXNativeTarget "AirbnbUITests" */ = {
			isa = XCConfigurationList;
			buildConfigurations = (
				6659F07C2BAEB0F10075ECB1 /* Debug */,
				6659F07D2BAEB0F10075ECB1 /* Release */,
			);
			defaultConfigurationIsVisible = 0;
			defaultConfigurationName = Release;
		};
/* End XCConfigurationList section */
	};
	rootObject = 6659F0492BAEB0EE0075ECB1 /* Project object */;
}
